
Microsoft Visual Studio Solution File, Format Version 12.00
# Visual Studio 2013
VisualStudioVersion = 12.0.21005.1
MinimumVisualStudioVersion = 10.0.40219.1
Project("{8BC9CEB8-8B4A-11D0-8D11-00A0C91BC942}") = "Chapter2", "Chapter2\Chapter2.vcxproj", "{33C1B0B3-04E3-4484-870C-A012B9707D5A}"
EndProject
Project("{8BC9CEB8-8B4A-11D0-8D11-00A0C91BC942}") = "Chapter5", "Chapter5\Chapter5.vcxproj", "{D251C652-C0A5-4195-A4FF-8BED12237C1B}"
EndProject
Project("{8BC9CEB8-8B4A-11D0-8D11-00A0C91BC942}") = "Chapter6", "Chapter6\Chapter6.vcxproj", "{C949ABCF-4A7D-41AB-B2A3-29F55F6D8394}"
EndProject
Project("{8BC9CEB8-8B4A-11D0-8D11-00A0C91BC942}") = "Chapter4", "Chapter4\Chapter4.vcxproj", "{B16C496A-EB7F-4CD7-ABDE-733992B3518C}"
EndProject
Project("{8BC9CEB8-8B4A-11D0-8D11-00A0C91BC942}") = "Chapter7", "Chapter7\Chapter7.vcxproj", "{E5843265-ADDB-4026-AE7E-937C677A7692}"
EndProject
Project("{8BC9CEB8-8B4A-11D0-8D11-00A0C91BC942}") = "Chapter8", "Chapter8\Chapter8.vcxproj", "{1872178C-C788-4336-BD7B-DF57CAC73B5B}"
EndProject
Project("{8BC9CEB8-8B4A-11D0-8D11-00A0C91BC942}") = "Chapter9", "Chapter9\Chapter9.vcxproj", "{23BBCA2F-4542-4FDB-B642-9BFA3E5F279D}"
EndProject
Project("{8BC9CEB8-8B4A-11D0-8D11-00A0C91BC942}") = "Chapter10", "Chapter10\Chapter10.vcxproj", "{98E41520-5414-4539-BA55-8939F1BB4C03}"
EndProject
Project("{8BC9CEB8-8B4A-11D0-8D11-00A0C91BC942}") = "Chapter11", "Chapter11\Chapter11.vcxproj", "{AE27FFAC-1C42-4CC0-B13C-D9F71C71E53A}"
EndProject
Project("{8BC9CEB8-8B4A-11D0-8D11-00A0C91BC942}") = "Chapter12", "Chapter12\Chapter12.vcxproj", "{A6834797-1C9C-4137-A249-A6ECA89807C3}"
EndProject
Project("{8BC9CEB8-8B4A-11D0-8D11-00A0C91BC942}") = "Chapter13", "Chapter13\Chapter13.vcxproj", "{1F32D55E-E71D-4FD9-8D6C-E0330DE8BC03}"
EndProject
Project("{8BC9CEB8-8B4A-11D0-8D11-00A0C91BC942}") = "Chapter14", "Chapter14\Chapter14.vcxproj", "{E9A9F392-2B3F-4A82-B951-2175A186C2AF}"
EndProject
Project("{8BC9CEB8-8B4A-11D0-8D11-00A0C91BC942}") = "Chapter15", "Chapter15\Chapter15.vcxproj", "{A84F2D52-BD3B-4B0D-A705-DB2E8D23DDF6}"
EndProject
Global
	GlobalSection(SolutionConfigurationPlatforms) = preSolution
		Debug|Win32 = Debug|Win32
		Release|Win32 = Release|Win32
	EndGlobalSection
	GlobalSection(ProjectConfigurationPlatforms) = postSolution
		{33C1B0B3-04E3-4484-870C-A012B9707D5A}.Debug|Win32.ActiveCfg = Debug|Win32
		{33C1B0B3-04E3-4484-870C-A012B9707D5A}.Debug|Win32.Build.0 = Debug|Win32
		{33C1B0B3-04E3-4484-870C-A012B9707D5A}.Release|Win32.ActiveCfg = Release|Win32
		{33C1B0B3-04E3-4484-870C-A012B9707D5A}.Release|Win32.Build.0 = Release|Win32
		{D251C652-C0A5-4195-A4FF-8BED12237C1B}.Debug|Win32.ActiveCfg = Debug|Win32
		{D251C652-C0A5-4195-A4FF-8BED12237C1B}.Debug|Win32.Build.0 = Debug|Win32
		{D251C652-C0A5-4195-A4FF-8BED12237C1B}.Release|Win32.ActiveCfg = Release|Win32
		{D251C652-C0A5-4195-A4FF-8BED12237C1B}.Release|Win32.Build.0 = Release|Win32
		{C949ABCF-4A7D-41AB-B2A3-29F55F6D8394}.Debug|Win32.ActiveCfg = Debug|Win32
		{C949ABCF-4A7D-41AB-B2A3-29F55F6D8394}.Debug|Win32.Build.0 = Debug|Win32
		{C949ABCF-4A7D-41AB-B2A3-29F55F6D8394}.Release|Win32.ActiveCfg = Release|Win32
		{C949ABCF-4A7D-41AB-B2A3-29F55F6D8394}.Release|Win32.Build.0 = Release|Win32
		{B16C496A-EB7F-4CD7-ABDE-733992B3518C}.Debug|Win32.ActiveCfg = Debug|Win32
		{B16C496A-EB7F-4CD7-ABDE-733992B3518C}.Debug|Win32.Build.0 = Debug|Win32
		{B16C496A-EB7F-4CD7-ABDE-733992B3518C}.Release|Win32.ActiveCfg = Release|Win32
		{B16C496A-EB7F-4CD7-ABDE-733992B3518C}.Release|Win32.Build.0 = Release|Win32
		{E5843265-ADDB-4026-AE7E-937C677A7692}.Debug|Win32.ActiveCfg = Debug|Win32
		{E5843265-ADDB-4026-AE7E-937C677A7692}.Debug|Win32.Build.0 = Debug|Win32
		{E5843265-ADDB-4026-AE7E-937C677A7692}.Release|Win32.ActiveCfg = Release|Win32
		{E5843265-ADDB-4026-AE7E-937C677A7692}.Release|Win32.Build.0 = Release|Win32
		{1872178C-C788-4336-BD7B-DF57CAC73B5B}.Debug|Win32.ActiveCfg = Debug|Win32
		{1872178C-C788-4336-BD7B-DF57CAC73B5B}.Debug|Win32.Build.0 = Debug|Win32
		{1872178C-C788-4336-BD7B-DF57CAC73B5B}.Release|Win32.ActiveCfg = Release|Win32
		{1872178C-C788-4336-BD7B-DF57CAC73B5B}.Release|Win32.Build.0 = Release|Win32
		{23BBCA2F-4542-4FDB-B642-9BFA3E5F279D}.Debug|Win32.ActiveCfg = Debug|Win32
		{23BBCA2F-4542-4FDB-B642-9BFA3E5F279D}.Debug|Win32.Build.0 = Debug|Win32
		{23BBCA2F-4542-4FDB-B642-9BFA3E5F279D}.Release|Win32.ActiveCfg = Release|Win32
		{23BBCA2F-4542-4FDB-B642-9BFA3E5F279D}.Release|Win32.Build.0 = Release|Win32
		{98E41520-5414-4539-BA55-8939F1BB4C03}.Debug|Win32.ActiveCfg = Debug|Win32
		{98E41520-5414-4539-BA55-8939F1BB4C03}.Debug|Win32.Build.0 = Debug|Win32
		{98E41520-5414-4539-BA55-8939F1BB4C03}.Release|Win32.ActiveCfg = Release|Win32
		{98E41520-5414-4539-BA55-8939F1BB4C03}.Release|Win32.Build.0 = Release|Win32
		{AE27FFAC-1C42-4CC0-B13C-D9F71C71E53A}.Debug|Win32.ActiveCfg = Debug|Win32
		{AE27FFAC-1C42-4CC0-B13C-D9F71C71E53A}.Debug|Win32.Build.0 = Debug|Win32
		{AE27FFAC-1C42-4CC0-B13C-D9F71C71E53A}.Release|Win32.ActiveCfg = Release|Win32
		{AE27FFAC-1C42-4CC0-B13C-D9F71C71E53A}.Release|Win32.Build.0 = Release|Win32
		{A6834797-1C9C-4137-A249-A6ECA89807C3}.Debug|Win32.ActiveCfg = Debug|Win32
		{A6834797-1C9C-4137-A249-A6ECA89807C3}.Debug|Win32.Build.0 = Debug|Win32
		{A6834797-1C9C-4137-A249-A6ECA89807C3}.Release|Win32.ActiveCfg = Release|Win32
		{A6834797-1C9C-4137-A249-A6ECA89807C3}.Release|Win32.Build.0 = Release|Win32
		{1F32D55E-E71D-4FD9-8D6C-E0330DE8BC03}.Debug|Win32.ActiveCfg = Debug|Win32
		{1F32D55E-E71D-4FD9-8D6C-E0330DE8BC03}.Debug|Win32.Build.0 = Debug|Win32
		{1F32D55E-E71D-4FD9-8D6C-E0330DE8BC03}.Release|Win32.ActiveCfg = Release|Win32
		{1F32D55E-E71D-4FD9-8D6C-E0330DE8BC03}.Release|Win32.Build.0 = Release|Win32
		{E9A9F392-2B3F-4A82-B951-2175A186C2AF}.Debug|Win32.ActiveCfg = Debug|Win32
		{E9A9F392-2B3F-4A82-B951-2175A186C2AF}.Debug|Win32.Build.0 = Debug|Win32
		{E9A9F392-2B3F-4A82-B951-2175A186C2AF}.Release|Win32.ActiveCfg = Release|Win32
		{E9A9F392-2B3F-4A82-B951-2175A186C2AF}.Release|Win32.Build.0 = Release|Win32
		{A84F2D52-BD3B-4B0D-A705-DB2E8D23DDF6}.Debug|Win32.ActiveCfg = Debug|Win32
		{A84F2D52-BD3B-4B0D-A705-DB2E8D23DDF6}.Debug|Win32.Build.0 = Debug|Win32
		{A84F2D52-BD3B-4B0D-A705-DB2E8D23DDF6}.Release|Win32.ActiveCfg = Release|Win32
		{A84F2D52-BD3B-4B0D-A705-DB2E8D23DDF6}.Release|Win32.Build.0 = Release|Win32
	EndGlobalSection
	GlobalSection(SolutionProperties) = preSolution
		HideSolutionNode = FALSE
	EndGlobalSection
EndGlobal
